
Microsoft Visual Studio Solution File, Format Version 12.00
# Visual Studio Version 17
VisualStudioVersion = 17.3.32929.385
MinimumVisualStudioVersion = 10.0.40219.1
Project("{FAE04EC0-301F-11D3-BF4B-00C04F79EFBC}") = "tumakov10", "hw20\tumakov10.csproj", "{84D13084-C49E-4551-8251-6D29860CD6F4}"
EndProject
Project("{FAE04EC0-301F-11D3-BF4B-00C04F79EFBC}") = "Game", "Game\Game.csproj", "{166949D4-457A-4FC9-A9BB-48EEF219F142}"
EndProject
Global
	GlobalSection(SolutionConfigurationPlatforms) = preSolution
		Debug|Any CPU = Debug|Any CPU
		Release|Any CPU = Release|Any CPU
	EndGlobalSection
	GlobalSection(ProjectConfigurationPlatforms) = postSolution
		{84D13084-C49E-4551-8251-6D29860CD6F4}.Debug|Any CPU.ActiveCfg = Debug|Any CPU
		{84D13084-C49E-4551-8251-6D29860CD6F4}.Debug|Any CPU.Build.0 = Debug|Any CPU
		{84D13084-C49E-4551-8251-6D29860CD6F4}.Release|Any CPU.ActiveCfg = Release|Any CPU
		{84D13084-C49E-4551-8251-6D29860CD6F4}.Release|Any CPU.Build.0 = Release|Any CPU
		{166949D4-457A-4FC9-A9BB-48EEF219F142}.Debug|Any CPU.ActiveCfg = Debug|Any CPU
		{166949D4-457A-4FC9-A9BB-48EEF219F142}.Debug|Any CPU.Build.0 = Debug|Any CPU
		{166949D4-457A-4FC9-A9BB-48EEF219F142}.Release|Any CPU.ActiveCfg = Release|Any CPU
		{166949D4-457A-4FC9-A9BB-48EEF219F142}.Release|Any CPU.Build.0 = Release|Any CPU
	EndGlobalSection
	GlobalSection(SolutionProperties) = preSolution
		HideSolutionNode = FALSE
	EndGlobalSection
	GlobalSection(ExtensibilityGlobals) = postSolution
		SolutionGuid = {7DB1512A-5826-47A0-8936-61A047D516A6}
	EndGlobalSection
EndGlobal
